
Microsoft Visual Studio Solution File, Format Version 12.00
# Visual Studio Version 17
VisualStudioVersion = 17.8.34322.80
MinimumVisualStudioVersion = 10.0.40219.1
Project("{9A19103F-16F7-4668-BE54-9A1E7A4F7556}") = "UMBIT.MicroService.Template.Gateway", "UMBIT.MicroService.Template.Gateway\UMBIT.MicroService.Template.Gateway.csproj", "{6F21E98A-58E7-48A3-A8AC-4946B2ADE260}"
EndProject
Project("{9A19103F-16F7-4668-BE54-9A1E7A4F7556}") = "UMBIT.MicroService.Template.Gateway.Interprete", "UMBIT.MicroService.Template.Gateway.Interprete\UMBIT.MicroService.Template.Gateway.Interprete.csproj", "{8C785D73-A4FC-4CCB-B4F7-E66627C617AA}"
EndProject
Global
	GlobalSection(SolutionConfigurationPlatforms) = preSolution
		Debug|Any CPU = Debug|Any CPU
		Release|Any CPU = Release|Any CPU
	EndGlobalSection
	GlobalSection(ProjectConfigurationPlatforms) = postSolution
		{6F21E98A-58E7-48A3-A8AC-4946B2ADE260}.Debug|Any CPU.ActiveCfg = Debug|Any CPU
		{6F21E98A-58E7-48A3-A8AC-4946B2ADE260}.Debug|Any CPU.Build.0 = Debug|Any CPU
		{6F21E98A-58E7-48A3-A8AC-4946B2ADE260}.Release|Any CPU.ActiveCfg = Release|Any CPU
		{6F21E98A-58E7-48A3-A8AC-4946B2ADE260}.Release|Any CPU.Build.0 = Release|Any CPU
		{8C785D73-A4FC-4CCB-B4F7-E66627C617AA}.Debug|Any CPU.ActiveCfg = Debug|Any CPU
		{8C785D73-A4FC-4CCB-B4F7-E66627C617AA}.Debug|Any CPU.Build.0 = Debug|Any CPU
		{8C785D73-A4FC-4CCB-B4F7-E66627C617AA}.Release|Any CPU.ActiveCfg = Release|Any CPU
		{8C785D73-A4FC-4CCB-B4F7-E66627C617AA}.Release|Any CPU.Build.0 = Release|Any CPU
	EndGlobalSection
	GlobalSection(SolutionProperties) = preSolution
		HideSolutionNode = FALSE
	EndGlobalSection
	GlobalSection(ExtensibilityGlobals) = postSolution
		SolutionGuid = {08D2A08D-C45A-445A-8728-0B1664F10D01}
	EndGlobalSection
EndGlobal
